
Microsoft Visual Studio Solution File, Format Version 12.00
# Visual Studio Version 16
VisualStudioVersion = 16.0.29503.13
MinimumVisualStudioVersion = 10.0.40219.1
Project("{FAE04EC0-301F-11D3-BF4B-00C04F79EFBC}") = "NICE-Converter", "NICE-Converter.csproj", "{8BF74F7F-20D8-4620-AB25-1980C789AA56}"
EndProject
Global
	GlobalSection(SolutionConfigurationPlatforms) = preSolution
		Debug|Any CPU = Debug|Any CPU
		Release|Any CPU = Release|Any CPU
	EndGlobalSection
	GlobalSection(ProjectConfigurationPlatforms) = postSolution
		{8BF74F7F-20D8-4620-AB25-1980C789AA56}.Debug|Any CPU.ActiveCfg = Debug|Any CPU
		{8BF74F7F-20D8-4620-AB25-1980C789AA56}.Debug|Any CPU.Build.0 = Debug|Any CPU
		{8BF74F7F-20D8-4620-AB25-1980C789AA56}.Release|Any CPU.ActiveCfg = Release|Any CPU
		{8BF74F7F-20D8-4620-AB25-1980C789AA56}.Release|Any CPU.Build.0 = Release|Any CPU
	EndGlobalSection
	GlobalSection(SolutionProperties) = preSolution
		HideSolutionNode = FALSE
	EndGlobalSection
	GlobalSection(ExtensibilityGlobals) = postSolution
		SolutionGuid = {92F9DD5F-DAB6-4380-9D45-16BDE9E4EAAC}
	EndGlobalSection
EndGlobal
